
Microsoft Visual Studio Solution File, Format Version 12.00
# Visual Studio Version 17
VisualStudioVersion = 17.0.31903.59
MinimumVisualStudioVersion = 10.0.40219.1
Project("{9A19103F-16F7-4668-BE54-9A1E7A4F7556}") = "ElevenNote.WebAPI", "ElevenNote.WebAPI\ElevenNote.WebAPI.csproj", "{B7CF080D-8DBA-4642-AF83-986B5802BCF9}"
	ProjectSection(ProjectDependencies) = postProject
		{4CEE5328-A158-4922-82A8-0472F0CF5205} = {4CEE5328-A158-4922-82A8-0472F0CF5205}
		{5880E9B3-0E29-481C-AE57-89E63508199C} = {5880E9B3-0E29-481C-AE57-89E63508199C}
		{C0B29F44-7D9C-49A7-82B5-903082CD7B6B} = {C0B29F44-7D9C-49A7-82B5-903082CD7B6B}
	EndProjectSection
EndProject
Project("{9A19103F-16F7-4668-BE54-9A1E7A4F7556}") = "ElevenNote.Data", "ElevenNote.Data\ElevenNote.Data.csproj", "{4CEE5328-A158-4922-82A8-0472F0CF5205}"
EndProject
Project("{9A19103F-16F7-4668-BE54-9A1E7A4F7556}") = "ElevenNote.Services", "ElevenNote.Services\ElevenNote.Services.csproj", "{C0B29F44-7D9C-49A7-82B5-903082CD7B6B}"
EndProject
Project("{9A19103F-16F7-4668-BE54-9A1E7A4F7556}") = "ElevenNote.Models", "ElevenNote.Models\ElevenNote.Models.csproj", "{5880E9B3-0E29-481C-AE57-89E63508199C}"
EndProject
Global
	GlobalSection(SolutionConfigurationPlatforms) = preSolution
		Debug|Any CPU = Debug|Any CPU
		Release|Any CPU = Release|Any CPU
	EndGlobalSection
	GlobalSection(ProjectConfigurationPlatforms) = postSolution
		{B7CF080D-8DBA-4642-AF83-986B5802BCF9}.Debug|Any CPU.ActiveCfg = Debug|Any CPU
		{B7CF080D-8DBA-4642-AF83-986B5802BCF9}.Debug|Any CPU.Build.0 = Debug|Any CPU
		{B7CF080D-8DBA-4642-AF83-986B5802BCF9}.Release|Any CPU.ActiveCfg = Release|Any CPU
		{B7CF080D-8DBA-4642-AF83-986B5802BCF9}.Release|Any CPU.Build.0 = Release|Any CPU
		{4CEE5328-A158-4922-82A8-0472F0CF5205}.Debug|Any CPU.ActiveCfg = Debug|Any CPU
		{4CEE5328-A158-4922-82A8-0472F0CF5205}.Debug|Any CPU.Build.0 = Debug|Any CPU
		{4CEE5328-A158-4922-82A8-0472F0CF5205}.Release|Any CPU.ActiveCfg = Release|Any CPU
		{4CEE5328-A158-4922-82A8-0472F0CF5205}.Release|Any CPU.Build.0 = Release|Any CPU
		{C0B29F44-7D9C-49A7-82B5-903082CD7B6B}.Debug|Any CPU.ActiveCfg = Debug|Any CPU
		{C0B29F44-7D9C-49A7-82B5-903082CD7B6B}.Debug|Any CPU.Build.0 = Debug|Any CPU
		{C0B29F44-7D9C-49A7-82B5-903082CD7B6B}.Release|Any CPU.ActiveCfg = Release|Any CPU
		{C0B29F44-7D9C-49A7-82B5-903082CD7B6B}.Release|Any CPU.Build.0 = Release|Any CPU
		{5880E9B3-0E29-481C-AE57-89E63508199C}.Debug|Any CPU.ActiveCfg = Debug|Any CPU
		{5880E9B3-0E29-481C-AE57-89E63508199C}.Debug|Any CPU.Build.0 = Debug|Any CPU
		{5880E9B3-0E29-481C-AE57-89E63508199C}.Release|Any CPU.ActiveCfg = Release|Any CPU
		{5880E9B3-0E29-481C-AE57-89E63508199C}.Release|Any CPU.Build.0 = Release|Any CPU
	EndGlobalSection
	GlobalSection(SolutionProperties) = preSolution
		HideSolutionNode = FALSE
	EndGlobalSection
	GlobalSection(ExtensibilityGlobals) = postSolution
		SolutionGuid = {FBA7B962-BDC4-4768-BE21-B420341B6E13}
	EndGlobalSection
EndGlobal
